
Microsoft Visual Studio Solution File, Format Version 12.00
# Visual Studio 15
VisualStudioVersion = 15.0.27703.2047
MinimumVisualStudioVersion = 10.0.40219.1
Project("{FAE04EC0-301F-11D3-BF4B-00C04F79EFBC}") = "NinjaTurtles", "NinjaTurtles\NinjaTurtles.csproj", "{8DC800BD-7137-4A8C-8B3F-3F8AAF47E78F}"
EndProject
Project("{2150E333-8FDC-42A3-9474-1A3956D46DE8}") = "Solution Items", "Solution Items", "{EBE17488-7943-4BDB-98C2-26779B9662E7}"
	ProjectSection(SolutionItems) = preProject
		Leo.cs = Leo.cs
		Turtle.cs = Turtle.cs
	EndProjectSection
EndProject
Global
	GlobalSection(SolutionConfigurationPlatforms) = preSolution
		Debug|Any CPU = Debug|Any CPU
		Release|Any CPU = Release|Any CPU
	EndGlobalSection
	GlobalSection(ProjectConfigurationPlatforms) = postSolution
		{8DC800BD-7137-4A8C-8B3F-3F8AAF47E78F}.Debug|Any CPU.ActiveCfg = Debug|Any CPU
		{8DC800BD-7137-4A8C-8B3F-3F8AAF47E78F}.Debug|Any CPU.Build.0 = Debug|Any CPU
		{8DC800BD-7137-4A8C-8B3F-3F8AAF47E78F}.Release|Any CPU.ActiveCfg = Release|Any CPU
		{8DC800BD-7137-4A8C-8B3F-3F8AAF47E78F}.Release|Any CPU.Build.0 = Release|Any CPU
	EndGlobalSection
	GlobalSection(SolutionProperties) = preSolution
		HideSolutionNode = FALSE
	EndGlobalSection
	GlobalSection(ExtensibilityGlobals) = postSolution
		SolutionGuid = {61013580-A813-49EF-8807-AB49945B45B6}
	EndGlobalSection
EndGlobal
